
Microsoft Visual Studio Solution File, Format Version 12.00
# Visual Studio Version 16
VisualStudioVersion = 16.0.30413.136
MinimumVisualStudioVersion = 10.0.40219.1
Project("{FAE04EC0-301F-11D3-BF4B-00C04F79EFBC}") = "ConsoleApp1", "ConsoleApp1\ConsoleApp1.csproj", "{3BCF7501-18A4-4900-83FE-3533CE4A6C51}"
EndProject
Global
	GlobalSection(SolutionConfigurationPlatforms) = preSolution
		Debug|Any CPU = Debug|Any CPU
		Release|Any CPU = Release|Any CPU
	EndGlobalSection
	GlobalSection(ProjectConfigurationPlatforms) = postSolution
		{3BCF7501-18A4-4900-83FE-3533CE4A6C51}.Debug|Any CPU.ActiveCfg = Debug|Any CPU
		{3BCF7501-18A4-4900-83FE-3533CE4A6C51}.Debug|Any CPU.Build.0 = Debug|Any CPU
		{3BCF7501-18A4-4900-83FE-3533CE4A6C51}.Release|Any CPU.ActiveCfg = Release|Any CPU
		{3BCF7501-18A4-4900-83FE-3533CE4A6C51}.Release|Any CPU.Build.0 = Release|Any CPU
	EndGlobalSection
	GlobalSection(SolutionProperties) = preSolution
		HideSolutionNode = FALSE
	EndGlobalSection
	GlobalSection(ExtensibilityGlobals) = postSolution
		SolutionGuid = {D9D9C099-7723-469D-BB1B-0EDF86775AAA}
	EndGlobalSection
EndGlobal
